
Microsoft Visual Studio Solution File, Format Version 12.00
# Visual Studio 15
VisualStudioVersion = 15.0.28010.2048
MinimumVisualStudioVersion = 10.0.40219.1
Project("{FAE04EC0-301F-11D3-BF4B-00C04F79EFBC}") = "BasicAlgorithmsTest", "BasicAlgorithms\BasicAlgorithmsTest.csproj", "{C530E18F-BC1C-42E0-BAFA-3277D5FA61E8}"
EndProject
Project("{FAE04EC0-301F-11D3-BF4B-00C04F79EFBC}") = "BasicAlgothimns", "ClassLibrary1\BasicAlgothimns.csproj", "{D7F73D68-6618-437C-ACD9-A8E51B218BC8}"
EndProject
Global
	GlobalSection(SolutionConfigurationPlatforms) = preSolution
		Debug|Any CPU = Debug|Any CPU
		Release|Any CPU = Release|Any CPU
	EndGlobalSection
	GlobalSection(ProjectConfigurationPlatforms) = postSolution
		{C530E18F-BC1C-42E0-BAFA-3277D5FA61E8}.Debug|Any CPU.ActiveCfg = Debug|Any CPU
		{C530E18F-BC1C-42E0-BAFA-3277D5FA61E8}.Debug|Any CPU.Build.0 = Debug|Any CPU
		{C530E18F-BC1C-42E0-BAFA-3277D5FA61E8}.Release|Any CPU.ActiveCfg = Release|Any CPU
		{C530E18F-BC1C-42E0-BAFA-3277D5FA61E8}.Release|Any CPU.Build.0 = Release|Any CPU
		{D7F73D68-6618-437C-ACD9-A8E51B218BC8}.Debug|Any CPU.ActiveCfg = Debug|Any CPU
		{D7F73D68-6618-437C-ACD9-A8E51B218BC8}.Debug|Any CPU.Build.0 = Debug|Any CPU
		{D7F73D68-6618-437C-ACD9-A8E51B218BC8}.Release|Any CPU.ActiveCfg = Release|Any CPU
		{D7F73D68-6618-437C-ACD9-A8E51B218BC8}.Release|Any CPU.Build.0 = Release|Any CPU
	EndGlobalSection
	GlobalSection(SolutionProperties) = preSolution
		HideSolutionNode = FALSE
	EndGlobalSection
	GlobalSection(ExtensibilityGlobals) = postSolution
		SolutionGuid = {368C359E-2E67-4869-BA94-5DF6AF2301B3}
	EndGlobalSection
EndGlobal
